
Microsoft Visual Studio Solution File, Format Version 12.00
# Visual Studio Version 16
VisualStudioVersion = 16.0.32630.194
MinimumVisualStudioVersion = 10.0.40219.1
Project("{FAE04EC0-301F-11D3-BF4B-00C04F79EFBC}") = "Chapter.WebApi", "Chapter.WebApi\Chapter.WebApi.csproj", "{7C8B7715-787B-46F2-9605-CF6B5C87956D}"
EndProject
Global
	GlobalSection(SolutionConfigurationPlatforms) = preSolution
		Debug|Any CPU = Debug|Any CPU
		Release|Any CPU = Release|Any CPU
	EndGlobalSection
	GlobalSection(ProjectConfigurationPlatforms) = postSolution
		{7C8B7715-787B-46F2-9605-CF6B5C87956D}.Debug|Any CPU.ActiveCfg = Debug|Any CPU
		{7C8B7715-787B-46F2-9605-CF6B5C87956D}.Debug|Any CPU.Build.0 = Debug|Any CPU
		{7C8B7715-787B-46F2-9605-CF6B5C87956D}.Release|Any CPU.ActiveCfg = Release|Any CPU
		{7C8B7715-787B-46F2-9605-CF6B5C87956D}.Release|Any CPU.Build.0 = Release|Any CPU
	EndGlobalSection
	GlobalSection(SolutionProperties) = preSolution
		HideSolutionNode = FALSE
	EndGlobalSection
	GlobalSection(ExtensibilityGlobals) = postSolution
		SolutionGuid = {FF85207F-AE83-4716-8F3B-FC49A25ECB5B}
	EndGlobalSection
EndGlobal
